
Microsoft Visual Studio Solution File, Format Version 12.00
# Visual Studio Version 16
VisualStudioVersion = 16.0.30711.63
MinimumVisualStudioVersion = 10.0.40219.1
Project("{FAE04EC0-301F-11D3-BF4B-00C04F79EFBC}") = "OpenAuditLog", "OpenAuditLog\OpenAuditLog.csproj", "{63C76678-B6C8-4FFC-8917-A9BAD51B85C4}"
EndProject
Project("{FAE04EC0-301F-11D3-BF4B-00C04F79EFBC}") = "Test", "Test\Test.csproj", "{B2D6F6D8-0710-43C4-9A7E-8D71F79060AE}"
EndProject
Project("{FAE04EC0-301F-11D3-BF4B-00C04F79EFBC}") = "Test.Shared", "Test.Shared\Test.Shared.csproj", "{D40CF0A3-F75B-4281-B031-197085A8598D}"
EndProject
Project("{FAE04EC0-301F-11D3-BF4B-00C04F79EFBC}") = "Test.Automated", "Test.Automated\Test.Automated.csproj", "{3481E621-FA45-4F62-B2E5-AFE887E55522}"
EndProject
Project("{FAE04EC0-301F-11D3-BF4B-00C04F79EFBC}") = "Test.Xunit", "Test.Xunit\Test.Xunit.csproj", "{8780D13E-3648-43CB-A496-ED6BCE9EB533}"
EndProject
Project("{FAE04EC0-301F-11D3-BF4B-00C04F79EFBC}") = "Test.Nunit", "Test.Nunit\Test.Nunit.csproj", "{F648B995-EA7A-42BE-B5D3-BB719838F644}"
EndProject
Global
	GlobalSection(SolutionConfigurationPlatforms) = preSolution
		Debug|Any CPU = Debug|Any CPU
		Debug|x64 = Debug|x64
		Debug|x86 = Debug|x86
		Release|Any CPU = Release|Any CPU
		Release|x64 = Release|x64
		Release|x86 = Release|x86
	EndGlobalSection
	GlobalSection(ProjectConfigurationPlatforms) = postSolution
		{63C76678-B6C8-4FFC-8917-A9BAD51B85C4}.Debug|Any CPU.ActiveCfg = Debug|Any CPU
		{63C76678-B6C8-4FFC-8917-A9BAD51B85C4}.Debug|Any CPU.Build.0 = Debug|Any CPU
		{63C76678-B6C8-4FFC-8917-A9BAD51B85C4}.Debug|x64.ActiveCfg = Debug|Any CPU
		{63C76678-B6C8-4FFC-8917-A9BAD51B85C4}.Debug|x64.Build.0 = Debug|Any CPU
		{63C76678-B6C8-4FFC-8917-A9BAD51B85C4}.Debug|x86.ActiveCfg = Debug|Any CPU
		{63C76678-B6C8-4FFC-8917-A9BAD51B85C4}.Debug|x86.Build.0 = Debug|Any CPU
		{63C76678-B6C8-4FFC-8917-A9BAD51B85C4}.Release|Any CPU.ActiveCfg = Release|Any CPU
		{63C76678-B6C8-4FFC-8917-A9BAD51B85C4}.Release|Any CPU.Build.0 = Release|Any CPU
		{63C76678-B6C8-4FFC-8917-A9BAD51B85C4}.Release|x64.ActiveCfg = Release|Any CPU
		{63C76678-B6C8-4FFC-8917-A9BAD51B85C4}.Release|x64.Build.0 = Release|Any CPU
		{63C76678-B6C8-4FFC-8917-A9BAD51B85C4}.Release|x86.ActiveCfg = Release|Any CPU
		{63C76678-B6C8-4FFC-8917-A9BAD51B85C4}.Release|x86.Build.0 = Release|Any CPU
		{B2D6F6D8-0710-43C4-9A7E-8D71F79060AE}.Debug|Any CPU.ActiveCfg = Debug|Any CPU
		{B2D6F6D8-0710-43C4-9A7E-8D71F79060AE}.Debug|Any CPU.Build.0 = Debug|Any CPU
		{B2D6F6D8-0710-43C4-9A7E-8D71F79060AE}.Debug|x64.ActiveCfg = Debug|Any CPU
		{B2D6F6D8-0710-43C4-9A7E-8D71F79060AE}.Debug|x64.Build.0 = Debug|Any CPU
		{B2D6F6D8-0710-43C4-9A7E-8D71F79060AE}.Debug|x86.ActiveCfg = Debug|Any CPU
		{B2D6F6D8-0710-43C4-9A7E-8D71F79060AE}.Debug|x86.Build.0 = Debug|Any CPU
		{B2D6F6D8-0710-43C4-9A7E-8D71F79060AE}.Release|Any CPU.ActiveCfg = Release|Any CPU
		{B2D6F6D8-0710-43C4-9A7E-8D71F79060AE}.Release|Any CPU.Build.0 = Release|Any CPU
		{B2D6F6D8-0710-43C4-9A7E-8D71F79060AE}.Release|x64.ActiveCfg = Release|Any CPU
		{B2D6F6D8-0710-43C4-9A7E-8D71F79060AE}.Release|x64.Build.0 = Release|Any CPU
		{B2D6F6D8-0710-43C4-9A7E-8D71F79060AE}.Release|x86.ActiveCfg = Release|Any CPU
		{B2D6F6D8-0710-43C4-9A7E-8D71F79060AE}.Release|x86.Build.0 = Release|Any CPU
		{D40CF0A3-F75B-4281-B031-197085A8598D}.Debug|Any CPU.ActiveCfg = Debug|Any CPU
		{D40CF0A3-F75B-4281-B031-197085A8598D}.Debug|Any CPU.Build.0 = Debug|Any CPU
		{D40CF0A3-F75B-4281-B031-197085A8598D}.Debug|x64.ActiveCfg = Debug|Any CPU
		{D40CF0A3-F75B-4281-B031-197085A8598D}.Debug|x64.Build.0 = Debug|Any CPU
		{D40CF0A3-F75B-4281-B031-197085A8598D}.Debug|x86.ActiveCfg = Debug|Any CPU
		{D40CF0A3-F75B-4281-B031-197085A8598D}.Debug|x86.Build.0 = Debug|Any CPU
		{D40CF0A3-F75B-4281-B031-197085A8598D}.Release|Any CPU.ActiveCfg = Release|Any CPU
		{D40CF0A3-F75B-4281-B031-197085A8598D}.Release|Any CPU.Build.0 = Release|Any CPU
		{D40CF0A3-F75B-4281-B031-197085A8598D}.Release|x64.ActiveCfg = Release|Any CPU
		{D40CF0A3-F75B-4281-B031-197085A8598D}.Release|x64.Build.0 = Release|Any CPU
		{D40CF0A3-F75B-4281-B031-197085A8598D}.Release|x86.ActiveCfg = Release|Any CPU
		{D40CF0A3-F75B-4281-B031-197085A8598D}.Release|x86.Build.0 = Release|Any CPU
		{3481E621-FA45-4F62-B2E5-AFE887E55522}.Debug|Any CPU.ActiveCfg = Debug|Any CPU
		{3481E621-FA45-4F62-B2E5-AFE887E55522}.Debug|Any CPU.Build.0 = Debug|Any CPU
		{3481E621-FA45-4F62-B2E5-AFE887E55522}.Debug|x64.ActiveCfg = Debug|Any CPU
		{3481E621-FA45-4F62-B2E5-AFE887E55522}.Debug|x64.Build.0 = Debug|Any CPU
		{3481E621-FA45-4F62-B2E5-AFE887E55522}.Debug|x86.ActiveCfg = Debug|Any CPU
		{3481E621-FA45-4F62-B2E5-AFE887E55522}.Debug|x86.Build.0 = Debug|Any CPU
		{3481E621-FA45-4F62-B2E5-AFE887E55522}.Release|Any CPU.ActiveCfg = Release|Any CPU
		{3481E621-FA45-4F62-B2E5-AFE887E55522}.Release|Any CPU.Build.0 = Release|Any CPU
		{3481E621-FA45-4F62-B2E5-AFE887E55522}.Release|x64.ActiveCfg = Release|Any CPU
		{3481E621-FA45-4F62-B2E5-AFE887E55522}.Release|x64.Build.0 = Release|Any CPU
		{3481E621-FA45-4F62-B2E5-AFE887E55522}.Release|x86.ActiveCfg = Release|Any CPU
		{3481E621-FA45-4F62-B2E5-AFE887E55522}.Release|x86.Build.0 = Release|Any CPU
		{8780D13E-3648-43CB-A496-ED6BCE9EB533}.Debug|Any CPU.ActiveCfg = Debug|Any CPU
		{8780D13E-3648-43CB-A496-ED6BCE9EB533}.Debug|Any CPU.Build.0 = Debug|Any CPU
		{8780D13E-3648-43CB-A496-ED6BCE9EB533}.Debug|x64.ActiveCfg = Debug|Any CPU
		{8780D13E-3648-43CB-A496-ED6BCE9EB533}.Debug|x64.Build.0 = Debug|Any CPU
		{8780D13E-3648-43CB-A496-ED6BCE9EB533}.Debug|x86.ActiveCfg = Debug|Any CPU
		{8780D13E-3648-43CB-A496-ED6BCE9EB533}.Debug|x86.Build.0 = Debug|Any CPU
		{8780D13E-3648-43CB-A496-ED6BCE9EB533}.Release|Any CPU.ActiveCfg = Release|Any CPU
		{8780D13E-3648-43CB-A496-ED6BCE9EB533}.Release|Any CPU.Build.0 = Release|Any CPU
		{8780D13E-3648-43CB-A496-ED6BCE9EB533}.Release|x64.ActiveCfg = Release|Any CPU
		{8780D13E-3648-43CB-A496-ED6BCE9EB533}.Release|x64.Build.0 = Release|Any CPU
		{8780D13E-3648-43CB-A496-ED6BCE9EB533}.Release|x86.ActiveCfg = Release|Any CPU
		{8780D13E-3648-43CB-A496-ED6BCE9EB533}.Release|x86.Build.0 = Release|Any CPU
		{F648B995-EA7A-42BE-B5D3-BB719838F644}.Debug|Any CPU.ActiveCfg = Debug|Any CPU
		{F648B995-EA7A-42BE-B5D3-BB719838F644}.Debug|Any CPU.Build.0 = Debug|Any CPU
		{F648B995-EA7A-42BE-B5D3-BB719838F644}.Debug|x64.ActiveCfg = Debug|Any CPU
		{F648B995-EA7A-42BE-B5D3-BB719838F644}.Debug|x64.Build.0 = Debug|Any CPU
		{F648B995-EA7A-42BE-B5D3-BB719838F644}.Debug|x86.ActiveCfg = Debug|Any CPU
		{F648B995-EA7A-42BE-B5D3-BB719838F644}.Debug|x86.Build.0 = Debug|Any CPU
		{F648B995-EA7A-42BE-B5D3-BB719838F644}.Release|Any CPU.ActiveCfg = Release|Any CPU
		{F648B995-EA7A-42BE-B5D3-BB719838F644}.Release|Any CPU.Build.0 = Release|Any CPU
		{F648B995-EA7A-42BE-B5D3-BB719838F644}.Release|x64.ActiveCfg = Release|Any CPU
		{F648B995-EA7A-42BE-B5D3-BB719838F644}.Release|x64.Build.0 = Release|Any CPU
		{F648B995-EA7A-42BE-B5D3-BB719838F644}.Release|x86.ActiveCfg = Release|Any CPU
		{F648B995-EA7A-42BE-B5D3-BB719838F644}.Release|x86.Build.0 = Release|Any CPU
	EndGlobalSection
	GlobalSection(SolutionProperties) = preSolution
		HideSolutionNode = FALSE
	EndGlobalSection
	GlobalSection(ExtensibilityGlobals) = postSolution
		SolutionGuid = {AE72479F-0CC9-4786-BD87-CD696FFA6A76}
	EndGlobalSection
EndGlobal
